// !$*UTF8*$!
{
	archiveVersion = 1;
	classes = {
	};
	objectVersion = 56;
	objects = {

/* Begin PBXBuildFile section */
		2C091B3C2B55FA6200CDF943 /* tbSideRadio.swift in Sources */ = {isa = PBXBuildFile; fileRef = 2C091B3B2B55FA6200CDF943 /* tbSideRadio.swift */; };
		2C0956392B4CF7F10067F0AB /* DrinkItem.swift in Sources */ = {isa = PBXBuildFile; fileRef = 2C0956382B4CF7F10067F0AB /* DrinkItem.swift */; };
		2C0DD6E12B4781400033C19C /* fullsheet.swift in Sources */ = {isa = PBXBuildFile; fileRef = 2C0DD6E02B4781400033C19C /* fullsheet.swift */; };
		2C0DD6E32B47930F0033C19C /* CheckOut.swift in Sources */ = {isa = PBXBuildFile; fileRef = 2C0DD6E22B47930F0033C19C /* CheckOut.swift */; };
		2C272CEF2B4680AF0064F539 /* SideRadio.swift in Sources */ = {isa = PBXBuildFile; fileRef = 2C272CEE2B4680AF0064F539 /* SideRadio.swift */; };
		2C37A9102B4113F800ECF9A7 /* MenuBarOptions.swift in Sources */ = {isa = PBXBuildFile; fileRef = 2C37A90F2B4113F800ECF9A7 /* MenuBarOptions.swift */; };
		2C37A9122B4114CC00ECF9A7 /* MenuOptionsList.swift in Sources */ = {isa = PBXBuildFile; fileRef = 2C37A9112B4114CC00ECF9A7 /* MenuOptionsList.swift */; };
		2C37A9142B41168E00ECF9A7 /* MenuItemSection.swift in Sources */ = {isa = PBXBuildFile; fileRef = 2C37A9132B41168E00ECF9A7 /* MenuItemSection.swift */; };
		2C37A9162B4116F900ECF9A7 /* FoodItem.swift in Sources */ = {isa = PBXBuildFile; fileRef = 2C37A9152B4116F900ECF9A7 /* FoodItem.swift */; };
		2C37A91C2B411F5000ECF9A7 /* MenuView.swift in Sources */ = {isa = PBXBuildFile; fileRef = 2C37A91B2B411F5000ECF9A7 /* MenuView.swift */; };
		2C37A91E2B41205000ECF9A7 /* OffsetKey.swift in Sources */ = {isa = PBXBuildFile; fileRef = 2C37A91D2B41205000ECF9A7 /* OffsetKey.swift */; };
		2C37A9202B41205800ECF9A7 /* OffsetModifier.swift in Sources */ = {isa = PBXBuildFile; fileRef = 2C37A91F2B41205800ECF9A7 /* OffsetModifier.swift */; };
		2C5A58BE2B55D0DD003C2C3B /* tbItemView.swift in Sources */ = {isa = PBXBuildFile; fileRef = 2C5A58BD2B55D0DD003C2C3B /* tbItemView.swift */; };
		2C7017282B55B7D000820467 /* tbMenuView.swift in Sources */ = {isa = PBXBuildFile; fileRef = 2C7017272B55B7D000820467 /* tbMenuView.swift */; };
		2C70172A2B55B7EB00820467 /* tbMenuItemSection.swift in Sources */ = {isa = PBXBuildFile; fileRef = 2C7017292B55B7EB00820467 /* tbMenuItemSection.swift */; };
		2C70172C2B55B81B00820467 /* tbMenuOptionsList.swift in Sources */ = {isa = PBXBuildFile; fileRef = 2C70172B2B55B81B00820467 /* tbMenuOptionsList.swift */; };
		2C70172E2B55B84200820467 /* tbMenuBarOptions.swift in Sources */ = {isa = PBXBuildFile; fileRef = 2C70172D2B55B84200820467 /* tbMenuBarOptions.swift */; };
		2C7017302B55B8A700820467 /* tbOffsetModifier.swift in Sources */ = {isa = PBXBuildFile; fileRef = 2C70172F2B55B8A700820467 /* tbOffsetModifier.swift */; };
		2C97A6472B50678500077579 /* MenuDrinkOptions.swift in Sources */ = {isa = PBXBuildFile; fileRef = 2C97A6462B50678500077579 /* MenuDrinkOptions.swift */; };
		2CA94E5D2B46B42C0032F746 /* tutorial.swift in Sources */ = {isa = PBXBuildFile; fileRef = 2CA94E5C2B46B42C0032F746 /* tutorial.swift */; };
		2CAE16902B3F9673006E6372 /* MealbudApp.swift in Sources */ = {isa = PBXBuildFile; fileRef = 2CAE168F2B3F9673006E6372 /* MealbudApp.swift */; };
		2CAE16922B3F9673006E6372 /* MainEntry.swift in Sources */ = {isa = PBXBuildFile; fileRef = 2CAE16912B3F9673006E6372 /* MainEntry.swift */; };
		2CAE16942B3F9674006E6372 /* Assets.xcassets in Resources */ = {isa = PBXBuildFile; fileRef = 2CAE16932B3F9674006E6372 /* Assets.xcassets */; };
		2CAE16972B3F9674006E6372 /* Preview Assets.xcassets in Resources */ = {isa = PBXBuildFile; fileRef = 2CAE16962B3F9674006E6372 /* Preview Assets.xcassets */; };
		2CB797E92B47E10400462335 /* Stripe in Frameworks */ = {isa = PBXBuildFile; productRef = 2CB797E82B47E10400462335 /* Stripe */; };
		2CB797EB2B47E10400462335 /* StripeApplePay in Frameworks */ = {isa = PBXBuildFile; productRef = 2CB797EA2B47E10400462335 /* StripeApplePay */; };
		2CB797ED2B47E10400462335 /* StripeCardScan in Frameworks */ = {isa = PBXBuildFile; productRef = 2CB797EC2B47E10400462335 /* StripeCardScan */; };
		2CB797EF2B47E10400462335 /* StripeFinancialConnections in Frameworks */ = {isa = PBXBuildFile; productRef = 2CB797EE2B47E10400462335 /* StripeFinancialConnections */; };
		2CB797F12B47E10400462335 /* StripeIdentity in Frameworks */ = {isa = PBXBuildFile; productRef = 2CB797F02B47E10400462335 /* StripeIdentity */; };
		2CB797F32B47E10400462335 /* StripePaymentSheet in Frameworks */ = {isa = PBXBuildFile; productRef = 2CB797F22B47E10400462335 /* StripePaymentSheet */; };
		2CB797F52B47E10400462335 /* StripePayments in Frameworks */ = {isa = PBXBuildFile; productRef = 2CB797F42B47E10400462335 /* StripePayments */; };
		2CB797F72B47E10400462335 /* StripePaymentsUI in Frameworks */ = {isa = PBXBuildFile; productRef = 2CB797F62B47E10400462335 /* StripePaymentsUI */; };
		2CB797F92B47E43600462335 /* ApplePay.swift in Sources */ = {isa = PBXBuildFile; fileRef = 2CB797F82B47E43600462335 /* ApplePay.swift */; };
		2CB797FB2B47E53C00462335 /* BackendModel.swift in Sources */ = {isa = PBXBuildFile; fileRef = 2CB797FA2B47E53C00462335 /* BackendModel.swift */; };
		2CB797FD2B47E55D00462335 /* ApplePayModel.swift in Sources */ = {isa = PBXBuildFile; fileRef = 2CB797FC2B47E55D00462335 /* ApplePayModel.swift */; };
		2CB797FF2B47E57000462335 /* ModelData.swift in Sources */ = {isa = PBXBuildFile; fileRef = 2CB797FE2B47E57000462335 /* ModelData.swift */; };
		2CB798012B47E58100462335 /* PaymentMethods.swift in Sources */ = {isa = PBXBuildFile; fileRef = 2CB798002B47E58100462335 /* PaymentMethods.swift */; };
		2CB798052B47EB9900462335 /* ContentView.swift in Sources */ = {isa = PBXBuildFile; fileRef = 2CB798042B47EB9900462335 /* ContentView.swift */; };
		2CB798092B47EBBA00462335 /* PaymentButton.swift in Sources */ = {isa = PBXBuildFile; fileRef = 2CB798082B47EBBA00462335 /* PaymentButton.swift */; };
		2CB7980B2B47EBCC00462335 /* PaymentMethodList.swift in Sources */ = {isa = PBXBuildFile; fileRef = 2CB7980A2B47EBCC00462335 /* PaymentMethodList.swift */; };
		2CB7980D2B47EBDB00462335 /* PaymentMethodRow.swift in Sources */ = {isa = PBXBuildFile; fileRef = 2CB7980C2B47EBDB00462335 /* PaymentMethodRow.swift */; };
		2CE847142B3FBD5100CBAF9D /* CustomTabBar.swift in Sources */ = {isa = PBXBuildFile; fileRef = 2CE847132B3FBD5100CBAF9D /* CustomTabBar.swift */; };
		2CF0679B2B439DE400DABA09 /* Uber Move Medium.otf in Resources */ = {isa = PBXBuildFile; fileRef = 2CF0679A2B439DE400DABA09 /* Uber Move Medium.otf */; };
		2CF0679D2B439ED500DABA09 /* Uber Move Bold.otf in Resources */ = {isa = PBXBuildFile; fileRef = 2CF0679C2B439ED500DABA09 /* Uber Move Bold.otf */; };
		2CF067A22B43A28900DABA09 /* ItemView.swift in Sources */ = {isa = PBXBuildFile; fileRef = 2CF067A12B43A28900DABA09 /* ItemView.swift */; };
/* End PBXBuildFile section */

/* Begin PBXFileReference section */
		2C091B3B2B55FA6200CDF943 /* tbSideRadio.swift */ = {isa = PBXFileReference; lastKnownFileType = sourcecode.swift; path = tbSideRadio.swift; sourceTree = "<group>"; };
		2C0956382B4CF7F10067F0AB /* DrinkItem.swift */ = {isa = PBXFileReference; lastKnownFileType = sourcecode.swift; path = DrinkItem.swift; sourceTree = "<group>"; };
		2C0DD6E02B4781400033C19C /* fullsheet.swift */ = {isa = PBXFileReference; lastKnownFileType = sourcecode.swift; path = fullsheet.swift; sourceTree = "<group>"; };
		2C0DD6E22B47930F0033C19C /* CheckOut.swift */ = {isa = PBXFileReference; lastKnownFileType = sourcecode.swift; path = CheckOut.swift; sourceTree = "<group>"; };
		2C272CEE2B4680AF0064F539 /* SideRadio.swift */ = {isa = PBXFileReference; lastKnownFileType = sourcecode.swift; path = SideRadio.swift; sourceTree = "<group>"; };
		2C37A90F2B4113F800ECF9A7 /* MenuBarOptions.swift */ = {isa = PBXFileReference; lastKnownFileType = sourcecode.swift; path = MenuBarOptions.swift; sourceTree = "<group>"; };
		2C37A9112B4114CC00ECF9A7 /* MenuOptionsList.swift */ = {isa = PBXFileReference; lastKnownFileType = sourcecode.swift; path = MenuOptionsList.swift; sourceTree = "<group>"; };
		2C37A9132B41168E00ECF9A7 /* MenuItemSection.swift */ = {isa = PBXFileReference; lastKnownFileType = sourcecode.swift; path = MenuItemSection.swift; sourceTree = "<group>"; };
		2C37A9152B4116F900ECF9A7 /* FoodItem.swift */ = {isa = PBXFileReference; lastKnownFileType = sourcecode.swift; path = FoodItem.swift; sourceTree = "<group>"; };
		2C37A91B2B411F5000ECF9A7 /* MenuView.swift */ = {isa = PBXFileReference; fileEncoding = 4; lastKnownFileType = sourcecode.swift; path = MenuView.swift; sourceTree = "<group>"; };
		2C37A91D2B41205000ECF9A7 /* OffsetKey.swift */ = {isa = PBXFileReference; lastKnownFileType = sourcecode.swift; path = OffsetKey.swift; sourceTree = "<group>"; };
		2C37A91F2B41205800ECF9A7 /* OffsetModifier.swift */ = {isa = PBXFileReference; lastKnownFileType = sourcecode.swift; path = OffsetModifier.swift; sourceTree = "<group>"; };
		2C5A58BD2B55D0DD003C2C3B /* tbItemView.swift */ = {isa = PBXFileReference; lastKnownFileType = sourcecode.swift; path = tbItemView.swift; sourceTree = "<group>"; };
		2C7017272B55B7D000820467 /* tbMenuView.swift */ = {isa = PBXFileReference; lastKnownFileType = sourcecode.swift; path = tbMenuView.swift; sourceTree = "<group>"; };
		2C7017292B55B7EB00820467 /* tbMenuItemSection.swift */ = {isa = PBXFileReference; lastKnownFileType = sourcecode.swift; path = tbMenuItemSection.swift; sourceTree = "<group>"; };
		2C70172B2B55B81B00820467 /* tbMenuOptionsList.swift */ = {isa = PBXFileReference; lastKnownFileType = sourcecode.swift; path = tbMenuOptionsList.swift; sourceTree = "<group>"; };
		2C70172D2B55B84200820467 /* tbMenuBarOptions.swift */ = {isa = PBXFileReference; lastKnownFileType = sourcecode.swift; path = tbMenuBarOptions.swift; sourceTree = "<group>"; };
		2C70172F2B55B8A700820467 /* tbOffsetModifier.swift */ = {isa = PBXFileReference; lastKnownFileType = sourcecode.swift; path = tbOffsetModifier.swift; sourceTree = "<group>"; };
		2C97A6462B50678500077579 /* MenuDrinkOptions.swift */ = {isa = PBXFileReference; lastKnownFileType = sourcecode.swift; path = MenuDrinkOptions.swift; sourceTree = "<group>"; };
		2CA94E5C2B46B42C0032F746 /* tutorial.swift */ = {isa = PBXFileReference; lastKnownFileType = sourcecode.swift; path = tutorial.swift; sourceTree = "<group>"; };
		2CAE168C2B3F9673006E6372 /* Mealbud.app */ = {isa = PBXFileReference; explicitFileType = wrapper.application; includeInIndex = 0; path = Mealbud.app; sourceTree = BUILT_PRODUCTS_DIR; };
		2CAE168F2B3F9673006E6372 /* MealbudApp.swift */ = {isa = PBXFileReference; lastKnownFileType = sourcecode.swift; path = MealbudApp.swift; sourceTree = "<group>"; };
		2CAE16912B3F9673006E6372 /* MainEntry.swift */ = {isa = PBXFileReference; lastKnownFileType = sourcecode.swift; path = MainEntry.swift; sourceTree = "<group>"; };
		2CAE16932B3F9674006E6372 /* Assets.xcassets */ = {isa = PBXFileReference; lastKnownFileType = folder.assetcatalog; path = Assets.xcassets; sourceTree = "<group>"; };
		2CAE16962B3F9674006E6372 /* Preview Assets.xcassets */ = {isa = PBXFileReference; lastKnownFileType = folder.assetcatalog; path = "Preview Assets.xcassets"; sourceTree = "<group>"; };
		2CB797E42B47DFAE00462335 /* Mealbud.entitlements */ = {isa = PBXFileReference; lastKnownFileType = text.plist.entitlements; path = Mealbud.entitlements; sourceTree = "<group>"; };
		2CB797F82B47E43600462335 /* ApplePay.swift */ = {isa = PBXFileReference; lastKnownFileType = sourcecode.swift; path = ApplePay.swift; sourceTree = "<group>"; };
		2CB797FA2B47E53C00462335 /* BackendModel.swift */ = {isa = PBXFileReference; lastKnownFileType = sourcecode.swift; path = BackendModel.swift; sourceTree = "<group>"; };
		2CB797FC2B47E55D00462335 /* ApplePayModel.swift */ = {isa = PBXFileReference; lastKnownFileType = sourcecode.swift; path = ApplePayModel.swift; sourceTree = "<group>"; };
		2CB797FE2B47E57000462335 /* ModelData.swift */ = {isa = PBXFileReference; lastKnownFileType = sourcecode.swift; path = ModelData.swift; sourceTree = "<group>"; };
		2CB798002B47E58100462335 /* PaymentMethods.swift */ = {isa = PBXFileReference; lastKnownFileType = sourcecode.swift; path = PaymentMethods.swift; sourceTree = "<group>"; };
		2CB798042B47EB9900462335 /* ContentView.swift */ = {isa = PBXFileReference; lastKnownFileType = sourcecode.swift; path = ContentView.swift; sourceTree = "<group>"; };
		2CB798082B47EBBA00462335 /* PaymentButton.swift */ = {isa = PBXFileReference; lastKnownFileType = sourcecode.swift; path = PaymentButton.swift; sourceTree = "<group>"; };
		2CB7980A2B47EBCC00462335 /* PaymentMethodList.swift */ = {isa = PBXFileReference; lastKnownFileType = sourcecode.swift; path = PaymentMethodList.swift; sourceTree = "<group>"; };
		2CB7980C2B47EBDB00462335 /* PaymentMethodRow.swift */ = {isa = PBXFileReference; lastKnownFileType = sourcecode.swift; path = PaymentMethodRow.swift; sourceTree = "<group>"; };
		2CE847132B3FBD5100CBAF9D /* CustomTabBar.swift */ = {isa = PBXFileReference; lastKnownFileType = sourcecode.swift; path = CustomTabBar.swift; sourceTree = "<group>"; };
		2CF067982B439AAA00DABA09 /* Info.plist */ = {isa = PBXFileReference; lastKnownFileType = text.plist; path = Info.plist; sourceTree = "<group>"; };
		2CF0679A2B439DE400DABA09 /* Uber Move Medium.otf */ = {isa = PBXFileReference; lastKnownFileType = file; path = "Uber Move Medium.otf"; sourceTree = "<group>"; };
		2CF0679C2B439ED500DABA09 /* Uber Move Bold.otf */ = {isa = PBXFileReference; lastKnownFileType = file; path = "Uber Move Bold.otf"; sourceTree = "<group>"; };
		2CF067A12B43A28900DABA09 /* ItemView.swift */ = {isa = PBXFileReference; lastKnownFileType = sourcecode.swift; path = ItemView.swift; sourceTree = "<group>"; };
/* End PBXFileReference section */

/* Begin PBXFrameworksBuildPhase section */
		2CAE16892B3F9673006E6372 /* Frameworks */ = {
			isa = PBXFrameworksBuildPhase;
			buildActionMask = 2147483647;
			files = (
				2CB797ED2B47E10400462335 /* StripeCardScan in Frameworks */,
				2CB797EF2B47E10400462335 /* StripeFinancialConnections in Frameworks */,
				2CB797F12B47E10400462335 /* StripeIdentity in Frameworks */,
				2CB797E92B47E10400462335 /* Stripe in Frameworks */,
				2CB797F32B47E10400462335 /* StripePaymentSheet in Frameworks */,
				2CB797F52B47E10400462335 /* StripePayments in Frameworks */,
				2CB797F72B47E10400462335 /* StripePaymentsUI in Frameworks */,
				2CB797EB2B47E10400462335 /* StripeApplePay in Frameworks */,
			);
			runOnlyForDeploymentPostprocessing = 0;
		};
/* End PBXFrameworksBuildPhase section */

/* Begin PBXGroup section */
		2CAE16832B3F9673006E6372 = {
			isa = PBXGroup;
			children = (
				2CAE168E2B3F9673006E6372 /* Mealbud */,
				2CAE168D2B3F9673006E6372 /* Products */,
			);
			sourceTree = "<group>";
		};
		2CAE168D2B3F9673006E6372 /* Products */ = {
			isa = PBXGroup;
			children = (
				2CAE168C2B3F9673006E6372 /* Mealbud.app */,
			);
			name = Products;
			sourceTree = "<group>";
		};
		2CAE168E2B3F9673006E6372 /* Mealbud */ = {
			isa = PBXGroup;
			children = (
				2CB797E42B47DFAE00462335 /* Mealbud.entitlements */,
				2CF067982B439AAA00DABA09 /* Info.plist */,
				2CAE168F2B3F9673006E6372 /* MealbudApp.swift */,
				2CAE16912B3F9673006E6372 /* MainEntry.swift */,
				2CA94E5C2B46B42C0032F746 /* tutorial.swift */,
				2C0DD6E02B4781400033C19C /* fullsheet.swift */,
				2C0DD6E22B47930F0033C19C /* CheckOut.swift */,
				2CF067A12B43A28900DABA09 /* ItemView.swift */,
				2C5A58BD2B55D0DD003C2C3B /* tbItemView.swift */,
				2CB798032B47EB7A00462335 /* HelperViews */,
				2CB798022B47EB6200462335 /* Model */,
				2CB797F82B47E43600462335 /* ApplePay.swift */,
				2C272CEE2B4680AF0064F539 /* SideRadio.swift */,
				2C091B3B2B55FA6200CDF943 /* tbSideRadio.swift */,
				2C37A9132B41168E00ECF9A7 /* MenuItemSection.swift */,
				2C7017292B55B7EB00820467 /* tbMenuItemSection.swift */,
				2C7017272B55B7D000820467 /* tbMenuView.swift */,
				2CF0679E2B439FD700DABA09 /* Restaurant */,
				2C37A91B2B411F5000ECF9A7 /* MenuView.swift */,
				2CF067A02B439FEF00DABA09 /* Item */,
				2C37A91D2B41205000ECF9A7 /* OffsetKey.swift */,
				2CF067992B439DAD00DABA09 /* Fonts */,
				2C37A91F2B41205800ECF9A7 /* OffsetModifier.swift */,
				2C70172F2B55B8A700820467 /* tbOffsetModifier.swift */,
				2C37A9152B4116F900ECF9A7 /* FoodItem.swift */,
				2C0956382B4CF7F10067F0AB /* DrinkItem.swift */,
				2C37A9112B4114CC00ECF9A7 /* MenuOptionsList.swift */,
				2C70172B2B55B81B00820467 /* tbMenuOptionsList.swift */,
				2C37A90F2B4113F800ECF9A7 /* MenuBarOptions.swift */,
				2C70172D2B55B84200820467 /* tbMenuBarOptions.swift */,
				2C97A6462B50678500077579 /* MenuDrinkOptions.swift */,
				2CE847132B3FBD5100CBAF9D /* CustomTabBar.swift */,
				2CAE16932B3F9674006E6372 /* Assets.xcassets */,
				2CAE16952B3F9674006E6372 /* Preview Content */,
			);
			path = Mealbud;
			sourceTree = "<group>";
		};
		2CAE16952B3F9674006E6372 /* Preview Content */ = {
			isa = PBXGroup;
			children = (
				2CAE16962B3F9674006E6372 /* Preview Assets.xcassets */,
			);
			path = "Preview Content";
			sourceTree = "<group>";
		};
		2CB798022B47EB6200462335 /* Model */ = {
			isa = PBXGroup;
			children = (
				2CB797FA2B47E53C00462335 /* BackendModel.swift */,
				2CB797FC2B47E55D00462335 /* ApplePayModel.swift */,
				2CB798002B47E58100462335 /* PaymentMethods.swift */,
				2CB797FE2B47E57000462335 /* ModelData.swift */,
			);
			path = Model;
			sourceTree = "<group>";
		};
		2CB798032B47EB7A00462335 /* HelperViews */ = {
			isa = PBXGroup;
			children = (
				2CB798042B47EB9900462335 /* ContentView.swift */,
				2CB7980A2B47EBCC00462335 /* PaymentMethodList.swift */,
				2CB7980C2B47EBDB00462335 /* PaymentMethodRow.swift */,
				2CB798082B47EBBA00462335 /* PaymentButton.swift */,
			);
			path = HelperViews;
			sourceTree = "<group>";
		};
		2CF067992B439DAD00DABA09 /* Fonts */ = {
			isa = PBXGroup;
			children = (
				2CF0679A2B439DE400DABA09 /* Uber Move Medium.otf */,
				2CF0679C2B439ED500DABA09 /* Uber Move Bold.otf */,
			);
			path = Fonts;
			sourceTree = "<group>";
		};
		2CF0679E2B439FD700DABA09 /* Restaurant */ = {
			isa = PBXGroup;
			children = (
			);
			path = Restaurant;
			sourceTree = "<group>";
		};
		2CF067A02B439FEF00DABA09 /* Item */ = {
			isa = PBXGroup;
			children = (
			);
			path = Item;
			sourceTree = "<group>";
		};
/* End PBXGroup section */

/* Begin PBXNativeTarget section */
		2CAE168B2B3F9673006E6372 /* Mealbud */ = {
			isa = PBXNativeTarget;
			buildConfigurationList = 2CAE169A2B3F9674006E6372 /* Build configuration list for PBXNativeTarget "Mealbud" */;
			buildPhases = (
				2CAE16882B3F9673006E6372 /* Sources */,
				2CAE16892B3F9673006E6372 /* Frameworks */,
				2CAE168A2B3F9673006E6372 /* Resources */,
			);
			buildRules = (
			);
			dependencies = (
			);
			name = Mealbud;
			packageProductDependencies = (
				2CB797E82B47E10400462335 /* Stripe */,
				2CB797EA2B47E10400462335 /* StripeApplePay */,
				2CB797EC2B47E10400462335 /* StripeCardScan */,
				2CB797EE2B47E10400462335 /* StripeFinancialConnections */,
				2CB797F02B47E10400462335 /* StripeIdentity */,
				2CB797F22B47E10400462335 /* StripePaymentSheet */,
				2CB797F42B47E10400462335 /* StripePayments */,
				2CB797F62B47E10400462335 /* StripePaymentsUI */,
			);
			productName = Mealbud;
			productReference = 2CAE168C2B3F9673006E6372 /* Mealbud.app */;
			productType = "com.apple.product-type.application";
		};
/* End PBXNativeTarget section */

/* Begin PBXProject section */
		2CAE16842B3F9673006E6372 /* Project object */ = {
			isa = PBXProject;
			attributes = {
				BuildIndependentTargetsInParallel = 1;
				LastSwiftUpdateCheck = 1510;
				LastUpgradeCheck = 1510;
				TargetAttributes = {
					2CAE168B2B3F9673006E6372 = {
						CreatedOnToolsVersion = 15.1;
					};
				};
			};
			buildConfigurationList = 2CAE16872B3F9673006E6372 /* Build configuration list for PBXProject "Mealbud" */;
			compatibilityVersion = "Xcode 14.0";
			developmentRegion = en;
			hasScannedForEncodings = 0;
			knownRegions = (
				en,
				Base,
			);
			mainGroup = 2CAE16832B3F9673006E6372;
			packageReferences = (
				2CB797E72B47E10400462335 /* XCRemoteSwiftPackageReference "stripe-ios-spm" */,
			);
			productRefGroup = 2CAE168D2B3F9673006E6372 /* Products */;
			projectDirPath = "";
			projectRoot = "";
			targets = (
				2CAE168B2B3F9673006E6372 /* Mealbud */,
			);
		};
/* End PBXProject section */

/* Begin PBXResourcesBuildPhase section */
		2CAE168A2B3F9673006E6372 /* Resources */ = {
			isa = PBXResourcesBuildPhase;
			buildActionMask = 2147483647;
			files = (
				2CF0679B2B439DE400DABA09 /* Uber Move Medium.otf in Resources */,
				2CAE16972B3F9674006E6372 /* Preview Assets.xcassets in Resources */,
				2CAE16942B3F9674006E6372 /* Assets.xcassets in Resources */,
				2CF0679D2B439ED500DABA09 /* Uber Move Bold.otf in Resources */,
			);
			runOnlyForDeploymentPostprocessing = 0;
		};
/* End PBXResourcesBuildPhase section */

/* Begin PBXSourcesBuildPhase section */
		2CAE16882B3F9673006E6372 /* Sources */ = {
			isa = PBXSourcesBuildPhase;
			buildActionMask = 2147483647;
			files = (
				2CB7980D2B47EBDB00462335 /* PaymentMethodRow.swift in Sources */,
				2C37A9122B4114CC00ECF9A7 /* MenuOptionsList.swift in Sources */,
				2C272CEF2B4680AF0064F539 /* SideRadio.swift in Sources */,
				2CB798092B47EBBA00462335 /* PaymentButton.swift in Sources */,
				2CB798052B47EB9900462335 /* ContentView.swift in Sources */,
				2CB797FF2B47E57000462335 /* ModelData.swift in Sources */,
				2C0956392B4CF7F10067F0AB /* DrinkItem.swift in Sources */,
				2C37A9142B41168E00ECF9A7 /* MenuItemSection.swift in Sources */,
				2CAE16922B3F9673006E6372 /* MainEntry.swift in Sources */,
				2CB798012B47E58100462335 /* PaymentMethods.swift in Sources */,
				2C37A9162B4116F900ECF9A7 /* FoodItem.swift in Sources */,
				2C5A58BE2B55D0DD003C2C3B /* tbItemView.swift in Sources */,
				2C7017302B55B8A700820467 /* tbOffsetModifier.swift in Sources */,
				2CB797F92B47E43600462335 /* ApplePay.swift in Sources */,
				2C37A91C2B411F5000ECF9A7 /* MenuView.swift in Sources */,
				2CF067A22B43A28900DABA09 /* ItemView.swift in Sources */,
				2C37A91E2B41205000ECF9A7 /* OffsetKey.swift in Sources */,
				2C091B3C2B55FA6200CDF943 /* tbSideRadio.swift in Sources */,
				2C70172E2B55B84200820467 /* tbMenuBarOptions.swift in Sources */,
				2CE847142B3FBD5100CBAF9D /* CustomTabBar.swift in Sources */,
				2CA94E5D2B46B42C0032F746 /* tutorial.swift in Sources */,
				2C70172A2B55B7EB00820467 /* tbMenuItemSection.swift in Sources */,
				2CAE16902B3F9673006E6372 /* MealbudApp.swift in Sources */,
				2C70172C2B55B81B00820467 /* tbMenuOptionsList.swift in Sources */,
				2C0DD6E12B4781400033C19C /* fullsheet.swift in Sources */,
				2C37A9102B4113F800ECF9A7 /* MenuBarOptions.swift in Sources */,
				2CB7980B2B47EBCC00462335 /* PaymentMethodList.swift in Sources */,
				2C0DD6E32B47930F0033C19C /* CheckOut.swift in Sources */,
				2C37A9202B41205800ECF9A7 /* OffsetModifier.swift in Sources */,
				2C7017282B55B7D000820467 /* tbMenuView.swift in Sources */,
				2CB797FB2B47E53C00462335 /* BackendModel.swift in Sources */,
				2C97A6472B50678500077579 /* MenuDrinkOptions.swift in Sources */,
				2CB797FD2B47E55D00462335 /* ApplePayModel.swift in Sources */,
			);
			runOnlyForDeploymentPostprocessing = 0;
		};
/* End PBXSourcesBuildPhase section */

/* Begin XCBuildConfiguration section */
		2CAE16982B3F9674006E6372 /* Debug */ = {
			isa = XCBuildConfiguration;
			buildSettings = {
				ALWAYS_SEARCH_USER_PATHS = NO;
				ASSETCATALOG_COMPILER_GENERATE_SWIFT_ASSET_SYMBOL_EXTENSIONS = YES;
				CLANG_ANALYZER_NONNULL = YES;
				CLANG_ANALYZER_NUMBER_OBJECT_CONVERSION = YES_AGGRESSIVE;
				CLANG_CXX_LANGUAGE_STANDARD = "gnu++20";
				CLANG_ENABLE_MODULES = YES;
				CLANG_ENABLE_OBJC_ARC = YES;
				CLANG_ENABLE_OBJC_WEAK = YES;
				CLANG_WARN_BLOCK_CAPTURE_AUTORELEASING = YES;
				CLANG_WARN_BOOL_CONVERSION = YES;
				CLANG_WARN_COMMA = YES;
				CLANG_WARN_CONSTANT_CONVERSION = YES;
				CLANG_WARN_DEPRECATED_OBJC_IMPLEMENTATIONS = YES;
				CLANG_WARN_DIRECT_OBJC_ISA_USAGE = YES_ERROR;
				CLANG_WARN_DOCUMENTATION_COMMENTS = YES;
				CLANG_WARN_EMPTY_BODY = YES;
				CLANG_WARN_ENUM_CONVERSION = YES;
				CLANG_WARN_INFINITE_RECURSION = YES;
				CLANG_WARN_INT_CONVERSION = YES;
				CLANG_WARN_NON_LITERAL_NULL_CONVERSION = YES;
				CLANG_WARN_OBJC_IMPLICIT_RETAIN_SELF = YES;
				CLANG_WARN_OBJC_LITERAL_CONVERSION = YES;
				CLANG_WARN_OBJC_ROOT_CLASS = YES_ERROR;
				CLANG_WARN_QUOTED_INCLUDE_IN_FRAMEWORK_HEADER = YES;
				CLANG_WARN_RANGE_LOOP_ANALYSIS = YES;
				CLANG_WARN_STRICT_PROTOTYPES = YES;
				CLANG_WARN_SUSPICIOUS_MOVE = YES;
				CLANG_WARN_UNGUARDED_AVAILABILITY = YES_AGGRESSIVE;
				CLANG_WARN_UNREACHABLE_CODE = YES;
				CLANG_WARN__DUPLICATE_METHOD_MATCH = YES;
				COPY_PHASE_STRIP = NO;
				DEBUG_INFORMATION_FORMAT = dwarf;
				ENABLE_STRICT_OBJC_MSGSEND = YES;
				ENABLE_TESTABILITY = YES;
				ENABLE_USER_SCRIPT_SANDBOXING = YES;
				GCC_C_LANGUAGE_STANDARD = gnu17;
				GCC_DYNAMIC_NO_PIC = NO;
				GCC_NO_COMMON_BLOCKS = YES;
				GCC_OPTIMIZATION_LEVEL = 0;
				GCC_PREPROCESSOR_DEFINITIONS = (
					"DEBUG=1",
					"$(inherited)",
				);
				GCC_WARN_64_TO_32_BIT_CONVERSION = YES;
				GCC_WARN_ABOUT_RETURN_TYPE = YES_ERROR;
				GCC_WARN_UNDECLARED_SELECTOR = YES;
				GCC_WARN_UNINITIALIZED_AUTOS = YES_AGGRESSIVE;
				GCC_WARN_UNUSED_FUNCTION = YES;
				GCC_WARN_UNUSED_VARIABLE = YES;
				IPHONEOS_DEPLOYMENT_TARGET = 17.0;
				LOCALIZATION_PREFERS_STRING_CATALOGS = YES;
				MTL_ENABLE_DEBUG_INFO = INCLUDE_SOURCE;
				MTL_FAST_MATH = YES;
				ONLY_ACTIVE_ARCH = YES;
				SDKROOT = iphoneos;
				SWIFT_ACTIVE_COMPILATION_CONDITIONS = "DEBUG $(inherited)";
				SWIFT_OPTIMIZATION_LEVEL = "-Onone";
			};
			name = Debug;
		};
		2CAE16992B3F9674006E6372 /* Release */ = {
			isa = XCBuildConfiguration;
			buildSettings = {
				ALWAYS_SEARCH_USER_PATHS = NO;
				ASSETCATALOG_COMPILER_GENERATE_SWIFT_ASSET_SYMBOL_EXTENSIONS = YES;
				CLANG_ANALYZER_NONNULL = YES;
				CLANG_ANALYZER_NUMBER_OBJECT_CONVERSION = YES_AGGRESSIVE;
				CLANG_CXX_LANGUAGE_STANDARD = "gnu++20";
				CLANG_ENABLE_MODULES = YES;
				CLANG_ENABLE_OBJC_ARC = YES;
				CLANG_ENABLE_OBJC_WEAK = YES;
				CLANG_WARN_BLOCK_CAPTURE_AUTORELEASING = YES;
				CLANG_WARN_BOOL_CONVERSION = YES;
				CLANG_WARN_COMMA = YES;
				CLANG_WARN_CONSTANT_CONVERSION = YES;
				CLANG_WARN_DEPRECATED_OBJC_IMPLEMENTATIONS = YES;
				CLANG_WARN_DIRECT_OBJC_ISA_USAGE = YES_ERROR;
				CLANG_WARN_DOCUMENTATION_COMMENTS = YES;
				CLANG_WARN_EMPTY_BODY = YES;
				CLANG_WARN_ENUM_CONVERSION = YES;
				CLANG_WARN_INFINITE_RECURSION = YES;
				CLANG_WARN_INT_CONVERSION = YES;
				CLANG_WARN_NON_LITERAL_NULL_CONVERSION = YES;
				CLANG_WARN_OBJC_IMPLICIT_RETAIN_SELF = YES;
				CLANG_WARN_OBJC_LITERAL_CONVERSION = YES;
				CLANG_WARN_OBJC_ROOT_CLASS = YES_ERROR;
				CLANG_WARN_QUOTED_INCLUDE_IN_FRAMEWORK_HEADER = YES;
				CLANG_WARN_RANGE_LOOP_ANALYSIS = YES;
				CLANG_WARN_STRICT_PROTOTYPES = YES;
				CLANG_WARN_SUSPICIOUS_MOVE = YES;
				CLANG_WARN_UNGUARDED_AVAILABILITY = YES_AGGRESSIVE;
				CLANG_WARN_UNREACHABLE_CODE = YES;
				CLANG_WARN__DUPLICATE_METHOD_MATCH = YES;
				COPY_PHASE_STRIP = NO;
				DEBUG_INFORMATION_FORMAT = "dwarf-with-dsym";
				ENABLE_NS_ASSERTIONS = NO;
				ENABLE_STRICT_OBJC_MSGSEND = YES;
				ENABLE_USER_SCRIPT_SANDBOXING = YES;
				GCC_C_LANGUAGE_STANDARD = gnu17;
				GCC_NO_COMMON_BLOCKS = YES;
				GCC_WARN_64_TO_32_BIT_CONVERSION = YES;
				GCC_WARN_ABOUT_RETURN_TYPE = YES_ERROR;
				GCC_WARN_UNDECLARED_SELECTOR = YES;
				GCC_WARN_UNINITIALIZED_AUTOS = YES_AGGRESSIVE;
				GCC_WARN_UNUSED_FUNCTION = YES;
				GCC_WARN_UNUSED_VARIABLE = YES;
				IPHONEOS_DEPLOYMENT_TARGET = 17.0;
				LOCALIZATION_PREFERS_STRING_CATALOGS = YES;
				MTL_ENABLE_DEBUG_INFO = NO;
				MTL_FAST_MATH = YES;
				SDKROOT = iphoneos;
				SWIFT_COMPILATION_MODE = wholemodule;
				VALIDATE_PRODUCT = YES;
			};
			name = Release;
		};
		2CAE169B2B3F9674006E6372 /* Debug */ = {
			isa = XCBuildConfiguration;
			buildSettings = {
				ASSETCATALOG_COMPILER_APPICON_NAME = AppIcon;
				ASSETCATALOG_COMPILER_GLOBAL_ACCENT_COLOR_NAME = AccentColor;
				CODE_SIGN_ENTITLEMENTS = Mealbud/Mealbud.entitlements;
				CODE_SIGN_STYLE = Automatic;
				CURRENT_PROJECT_VERSION = 24;
				DEVELOPMENT_ASSET_PATHS = "\"Mealbud/Preview Content\"";
				DEVELOPMENT_TEAM = 26K5J6537C;
				ENABLE_PREVIEWS = YES;
				GENERATE_INFOPLIST_FILE = YES;
				INFOPLIST_FILE = Mealbud/Info.plist;
				INFOPLIST_KEY_CFBundleDisplayName = Mealbud;
				INFOPLIST_KEY_LSApplicationCategoryType = "public.app-category.food-and-drink";
				INFOPLIST_KEY_NSCameraUsageDescription = "This app does not use camera.";
				INFOPLIST_KEY_UIApplicationSceneManifest_Generation = YES;
				INFOPLIST_KEY_UIApplicationSupportsIndirectInputEvents = YES;
				INFOPLIST_KEY_UILaunchScreen_Generation = YES;
				INFOPLIST_KEY_UISupportedInterfaceOrientations_iPad = "UIInterfaceOrientationPortrait UIInterfaceOrientationPortraitUpsideDown UIInterfaceOrientationLandscapeLeft UIInterfaceOrientationLandscapeRight";
				INFOPLIST_KEY_UISupportedInterfaceOrientations_iPhone = "UIInterfaceOrientationPortrait UIInterfaceOrientationLandscapeLeft UIInterfaceOrientationLandscapeRight";
				IPHONEOS_DEPLOYMENT_TARGET = 16.0;
				LD_RUNPATH_SEARCH_PATHS = (
					"$(inherited)",
					"@executable_path/Frameworks",
				);
				MARKETING_VERSION = 1.1.3;
				PRODUCT_BUNDLE_IDENTIFIER = com.mealbud.stable;
				PRODUCT_NAME = "$(TARGET_NAME)";
				SUPPORTED_PLATFORMS = "iphoneos iphonesimulator";
				SUPPORTS_MACCATALYST = NO;
				SUPPORTS_MAC_DESIGNED_FOR_IPHONE_IPAD = NO;
				SWIFT_EMIT_LOC_STRINGS = YES;
				SWIFT_VERSION = 5.0;
				TARGETED_DEVICE_FAMILY = 1;
			};
			name = Debug;
		};
		2CAE169C2B3F9674006E6372 /* Release */ = {
			isa = XCBuildConfiguration;
			buildSettings = {
				ASSETCATALOG_COMPILER_APPICON_NAME = AppIcon;
				ASSETCATALOG_COMPILER_GLOBAL_ACCENT_COLOR_NAME = AccentColor;
				CODE_SIGN_ENTITLEMENTS = Mealbud/Mealbud.entitlements;
				CODE_SIGN_STYLE = Automatic;
				CURRENT_PROJECT_VERSION = 24;
				DEVELOPMENT_ASSET_PATHS = "\"Mealbud/Preview Content\"";
				DEVELOPMENT_TEAM = 26K5J6537C;
				ENABLE_PREVIEWS = YES;
				GENERATE_INFOPLIST_FILE = YES;
				INFOPLIST_FILE = Mealbud/Info.plist;
				INFOPLIST_KEY_CFBundleDisplayName = Mealbud;
				INFOPLIST_KEY_LSApplicationCategoryType = "public.app-category.food-and-drink";
				INFOPLIST_KEY_NSCameraUsageDescription = "This app does not use camera.";
				INFOPLIST_KEY_UIApplicationSceneManifest_Generation = YES;
				INFOPLIST_KEY_UIApplicationSupportsIndirectInputEvents = YES;
				INFOPLIST_KEY_UILaunchScreen_Generation = YES;
				INFOPLIST_KEY_UISupportedInterfaceOrientations_iPad = "UIInterfaceOrientationPortrait UIInterfaceOrientationPortraitUpsideDown UIInterfaceOrientationLandscapeLeft UIInterfaceOrientationLandscapeRight";
				INFOPLIST_KEY_UISupportedInterfaceOrientations_iPhone = "UIInterfaceOrientationPortrait UIInterfaceOrientationLandscapeLeft UIInterfaceOrientationLandscapeRight";
				IPHONEOS_DEPLOYMENT_TARGET = 16.0;
				LD_RUNPATH_SEARCH_PATHS = (
					"$(inherited)",
					"@executable_path/Frameworks",
				);
				MARKETING_VERSION = 1.1.3;
				PRODUCT_BUNDLE_IDENTIFIER = com.mealbud.stable;
				PRODUCT_NAME = "$(TARGET_NAME)";
				SUPPORTED_PLATFORMS = "iphoneos iphonesimulator";
				SUPPORTS_MACCATALYST = NO;
				SUPPORTS_MAC_DESIGNED_FOR_IPHONE_IPAD = NO;
				SWIFT_EMIT_LOC_STRINGS = YES;
				SWIFT_VERSION = 5.0;
				TARGETED_DEVICE_FAMILY = 1;
			};
			name = Release;
		};
/* End XCBuildConfiguration section */

/* Begin XCConfigurationList section */
		2CAE16872B3F9673006E6372 /* Build configuration list for PBXProject "Mealbud" */ = {
			isa = XCConfigurationList;
			buildConfigurations = (
				2CAE16982B3F9674006E6372 /* Debug */,
				2CAE16992B3F9674006E6372 /* Release */,
			);
			defaultConfigurationIsVisible = 0;
			defaultConfigurationName = Release;
		};
		2CAE169A2B3F9674006E6372 /* Build configuration list for PBXNativeTarget "Mealbud" */ = {
			isa = XCConfigurationList;
			buildConfigurations = (
				2CAE169B2B3F9674006E6372 /* Debug */,
				2CAE169C2B3F9674006E6372 /* Release */,
			);
			defaultConfigurationIsVisible = 0;
			defaultConfigurationName = Release;
		};
/* End XCConfigurationList section */

/* Begin XCRemoteSwiftPackageReference section */
		2CB797E72B47E10400462335 /* XCRemoteSwiftPackageReference "stripe-ios-spm" */ = {
			isa = XCRemoteSwiftPackageReference;
			repositoryURL = "https://github.com/stripe/stripe-ios-spm";
			requirement = {
				kind = upToNextMajorVersion;
				minimumVersion = 23.20.0;
			};
		};
/* End XCRemoteSwiftPackageReference section */

/* Begin XCSwiftPackageProductDependency section */
		2CB797E82B47E10400462335 /* Stripe */ = {
			isa = XCSwiftPackageProductDependency;
			package = 2CB797E72B47E10400462335 /* XCRemoteSwiftPackageReference "stripe-ios-spm" */;
			productName = Stripe;
		};
		2CB797EA2B47E10400462335 /* StripeApplePay */ = {
			isa = XCSwiftPackageProductDependency;
			package = 2CB797E72B47E10400462335 /* XCRemoteSwiftPackageReference "stripe-ios-spm" */;
			productName = StripeApplePay;
		};
		2CB797EC2B47E10400462335 /* StripeCardScan */ = {
			isa = XCSwiftPackageProductDependency;
			package = 2CB797E72B47E10400462335 /* XCRemoteSwiftPackageReference "stripe-ios-spm" */;
			productName = StripeCardScan;
		};
		2CB797EE2B47E10400462335 /* StripeFinancialConnections */ = {
			isa = XCSwiftPackageProductDependency;
			package = 2CB797E72B47E10400462335 /* XCRemoteSwiftPackageReference "stripe-ios-spm" */;
			productName = StripeFinancialConnections;
		};
		2CB797F02B47E10400462335 /* StripeIdentity */ = {
			isa = XCSwiftPackageProductDependency;
			package = 2CB797E72B47E10400462335 /* XCRemoteSwiftPackageReference "stripe-ios-spm" */;
			productName = StripeIdentity;
		};
		2CB797F22B47E10400462335 /* StripePaymentSheet */ = {
			isa = XCSwiftPackageProductDependency;
			package = 2CB797E72B47E10400462335 /* XCRemoteSwiftPackageReference "stripe-ios-spm" */;
			productName = StripePaymentSheet;
		};
		2CB797F42B47E10400462335 /* StripePayments */ = {
			isa = XCSwiftPackageProductDependency;
			package = 2CB797E72B47E10400462335 /* XCRemoteSwiftPackageReference "stripe-ios-spm" */;
			productName = StripePayments;
		};
		2CB797F62B47E10400462335 /* StripePaymentsUI */ = {
			isa = XCSwiftPackageProductDependency;
			package = 2CB797E72B47E10400462335 /* XCRemoteSwiftPackageReference "stripe-ios-spm" */;
			productName = StripePaymentsUI;
		};
/* End XCSwiftPackageProductDependency section */
	};
	rootObject = 2CAE16842B3F9673006E6372 /* Project object */;
}
