// !$*UTF8*$!
{
	archiveVersion = 1;
	classes = {
	};
	objectVersion = 56;
	objects = {

/* Begin PBXBuildFile section */
		2C37A9102B4113F800ECF9A7 /* MenuBarOptions.swift in Sources */ = {isa = PBXBuildFile; fileRef = 2C37A90F2B4113F800ECF9A7 /* MenuBarOptions.swift */; };
		2C37A9122B4114CC00ECF9A7 /* MenuOptionsList.swift in Sources */ = {isa = PBXBuildFile; fileRef = 2C37A9112B4114CC00ECF9A7 /* MenuOptionsList.swift */; };
		2C37A9142B41168E00ECF9A7 /* MenuItemSection.swift in Sources */ = {isa = PBXBuildFile; fileRef = 2C37A9132B41168E00ECF9A7 /* MenuItemSection.swift */; };
		2C37A9162B4116F900ECF9A7 /* FoodItem.swift in Sources */ = {isa = PBXBuildFile; fileRef = 2C37A9152B4116F900ECF9A7 /* FoodItem.swift */; };
		2C37A91C2B411F5000ECF9A7 /* MenuView.swift in Sources */ = {isa = PBXBuildFile; fileRef = 2C37A91B2B411F5000ECF9A7 /* MenuView.swift */; };
		2C37A91E2B41205000ECF9A7 /* OffsetKey.swift in Sources */ = {isa = PBXBuildFile; fileRef = 2C37A91D2B41205000ECF9A7 /* OffsetKey.swift */; };
		2C37A9202B41205800ECF9A7 /* OffsetModifier.swift in Sources */ = {isa = PBXBuildFile; fileRef = 2C37A91F2B41205800ECF9A7 /* OffsetModifier.swift */; };
		2CAE16902B3F9673006E6372 /* MealbudApp.swift in Sources */ = {isa = PBXBuildFile; fileRef = 2CAE168F2B3F9673006E6372 /* MealbudApp.swift */; };
		2CAE16922B3F9673006E6372 /* MainEntry.swift in Sources */ = {isa = PBXBuildFile; fileRef = 2CAE16912B3F9673006E6372 /* MainEntry.swift */; };
		2CAE16942B3F9674006E6372 /* Assets.xcassets in Resources */ = {isa = PBXBuildFile; fileRef = 2CAE16932B3F9674006E6372 /* Assets.xcassets */; };
		2CAE16972B3F9674006E6372 /* Preview Assets.xcassets in Resources */ = {isa = PBXBuildFile; fileRef = 2CAE16962B3F9674006E6372 /* Preview Assets.xcassets */; };
		2CE847142B3FBD5100CBAF9D /* CustomTabBar.swift in Sources */ = {isa = PBXBuildFile; fileRef = 2CE847132B3FBD5100CBAF9D /* CustomTabBar.swift */; };
		2CF0679B2B439DE400DABA09 /* Uber Move Medium.otf in Resources */ = {isa = PBXBuildFile; fileRef = 2CF0679A2B439DE400DABA09 /* Uber Move Medium.otf */; };
		2CF0679D2B439ED500DABA09 /* Uber Move Bold.otf in Resources */ = {isa = PBXBuildFile; fileRef = 2CF0679C2B439ED500DABA09 /* Uber Move Bold.otf */; };
		2CF067A22B43A28900DABA09 /* ItemView.swift in Sources */ = {isa = PBXBuildFile; fileRef = 2CF067A12B43A28900DABA09 /* ItemView.swift */; };
/* End PBXBuildFile section */

/* Begin PBXFileReference section */
		2C37A90F2B4113F800ECF9A7 /* MenuBarOptions.swift */ = {isa = PBXFileReference; lastKnownFileType = sourcecode.swift; path = MenuBarOptions.swift; sourceTree = "<group>"; };
		2C37A9112B4114CC00ECF9A7 /* MenuOptionsList.swift */ = {isa = PBXFileReference; lastKnownFileType = sourcecode.swift; path = MenuOptionsList.swift; sourceTree = "<group>"; };
		2C37A9132B41168E00ECF9A7 /* MenuItemSection.swift */ = {isa = PBXFileReference; lastKnownFileType = sourcecode.swift; path = MenuItemSection.swift; sourceTree = "<group>"; };
		2C37A9152B4116F900ECF9A7 /* FoodItem.swift */ = {isa = PBXFileReference; lastKnownFileType = sourcecode.swift; path = FoodItem.swift; sourceTree = "<group>"; };
		2C37A91B2B411F5000ECF9A7 /* MenuView.swift */ = {isa = PBXFileReference; fileEncoding = 4; lastKnownFileType = sourcecode.swift; path = MenuView.swift; sourceTree = "<group>"; };
		2C37A91D2B41205000ECF9A7 /* OffsetKey.swift */ = {isa = PBXFileReference; lastKnownFileType = sourcecode.swift; path = OffsetKey.swift; sourceTree = "<group>"; };
		2C37A91F2B41205800ECF9A7 /* OffsetModifier.swift */ = {isa = PBXFileReference; lastKnownFileType = sourcecode.swift; path = OffsetModifier.swift; sourceTree = "<group>"; };
		2CAE168C2B3F9673006E6372 /* Mealbud.app */ = {isa = PBXFileReference; explicitFileType = wrapper.application; includeInIndex = 0; path = Mealbud.app; sourceTree = BUILT_PRODUCTS_DIR; };
		2CAE168F2B3F9673006E6372 /* MealbudApp.swift */ = {isa = PBXFileReference; lastKnownFileType = sourcecode.swift; path = MealbudApp.swift; sourceTree = "<group>"; };
		2CAE16912B3F9673006E6372 /* MainEntry.swift */ = {isa = PBXFileReference; lastKnownFileType = sourcecode.swift; path = MainEntry.swift; sourceTree = "<group>"; };
		2CAE16932B3F9674006E6372 /* Assets.xcassets */ = {isa = PBXFileReference; lastKnownFileType = folder.assetcatalog; path = Assets.xcassets; sourceTree = "<group>"; };
		2CAE16962B3F9674006E6372 /* Preview Assets.xcassets */ = {isa = PBXFileReference; lastKnownFileType = folder.assetcatalog; path = "Preview Assets.xcassets"; sourceTree = "<group>"; };
		2CE847132B3FBD5100CBAF9D /* CustomTabBar.swift */ = {isa = PBXFileReference; lastKnownFileType = sourcecode.swift; path = CustomTabBar.swift; sourceTree = "<group>"; };
		2CF067982B439AAA00DABA09 /* Info.plist */ = {isa = PBXFileReference; lastKnownFileType = text.plist; path = Info.plist; sourceTree = "<group>"; };
		2CF0679A2B439DE400DABA09 /* Uber Move Medium.otf */ = {isa = PBXFileReference; lastKnownFileType = file; path = "Uber Move Medium.otf"; sourceTree = "<group>"; };
		2CF0679C2B439ED500DABA09 /* Uber Move Bold.otf */ = {isa = PBXFileReference; lastKnownFileType = file; path = "Uber Move Bold.otf"; sourceTree = "<group>"; };
		2CF067A12B43A28900DABA09 /* ItemView.swift */ = {isa = PBXFileReference; lastKnownFileType = sourcecode.swift; path = ItemView.swift; sourceTree = "<group>"; };
/* End PBXFileReference section */

/* Begin PBXFrameworksBuildPhase section */
		2CAE16892B3F9673006E6372 /* Frameworks */ = {
			isa = PBXFrameworksBuildPhase;
			buildActionMask = 2147483647;
			files = (
			);
			runOnlyForDeploymentPostprocessing = 0;
		};
/* End PBXFrameworksBuildPhase section */

/* Begin PBXGroup section */
		2CAE16832B3F9673006E6372 = {
			isa = PBXGroup;
			children = (
				2CAE168E2B3F9673006E6372 /* Mealbud */,
				2CAE168D2B3F9673006E6372 /* Products */,
			);
			sourceTree = "<group>";
		};
		2CAE168D2B3F9673006E6372 /* Products */ = {
			isa = PBXGroup;
			children = (
				2CAE168C2B3F9673006E6372 /* Mealbud.app */,
			);
			name = Products;
			sourceTree = "<group>";
		};
		2CAE168E2B3F9673006E6372 /* Mealbud */ = {
			isa = PBXGroup;
			children = (
				2CF067982B439AAA00DABA09 /* Info.plist */,
				2CAE168F2B3F9673006E6372 /* MealbudApp.swift */,
				2CAE16912B3F9673006E6372 /* MainEntry.swift */,
				2CF067A12B43A28900DABA09 /* ItemView.swift */,
				2C37A9132B41168E00ECF9A7 /* MenuItemSection.swift */,
				2CF0679E2B439FD700DABA09 /* Restaurant */,
				2C37A91B2B411F5000ECF9A7 /* MenuView.swift */,
				2CF067A02B439FEF00DABA09 /* Item */,
				2C37A91D2B41205000ECF9A7 /* OffsetKey.swift */,
				2CF067992B439DAD00DABA09 /* Fonts */,
				2C37A91F2B41205800ECF9A7 /* OffsetModifier.swift */,
				2C37A9152B4116F900ECF9A7 /* FoodItem.swift */,
				2C37A9112B4114CC00ECF9A7 /* MenuOptionsList.swift */,
				2C37A90F2B4113F800ECF9A7 /* MenuBarOptions.swift */,
				2CE847132B3FBD5100CBAF9D /* CustomTabBar.swift */,
				2CAE16932B3F9674006E6372 /* Assets.xcassets */,
				2CAE16952B3F9674006E6372 /* Preview Content */,
			);
			path = Mealbud;
			sourceTree = "<group>";
		};
		2CAE16952B3F9674006E6372 /* Preview Content */ = {
			isa = PBXGroup;
			children = (
				2CAE16962B3F9674006E6372 /* Preview Assets.xcassets */,
			);
			path = "Preview Content";
			sourceTree = "<group>";
		};
		2CF067992B439DAD00DABA09 /* Fonts */ = {
			isa = PBXGroup;
			children = (
				2CF0679A2B439DE400DABA09 /* Uber Move Medium.otf */,
				2CF0679C2B439ED500DABA09 /* Uber Move Bold.otf */,
			);
			path = Fonts;
			sourceTree = "<group>";
		};
		2CF0679E2B439FD700DABA09 /* Restaurant */ = {
			isa = PBXGroup;
			children = (
			);
			path = Restaurant;
			sourceTree = "<group>";
		};
		2CF067A02B439FEF00DABA09 /* Item */ = {
			isa = PBXGroup;
			children = (
			);
			path = Item;
			sourceTree = "<group>";
		};
/* End PBXGroup section */

/* Begin PBXNativeTarget section */
		2CAE168B2B3F9673006E6372 /* Mealbud */ = {
			isa = PBXNativeTarget;
			buildConfigurationList = 2CAE169A2B3F9674006E6372 /* Build configuration list for PBXNativeTarget "Mealbud" */;
			buildPhases = (
				2CAE16882B3F9673006E6372 /* Sources */,
				2CAE16892B3F9673006E6372 /* Frameworks */,
				2CAE168A2B3F9673006E6372 /* Resources */,
			);
			buildRules = (
			);
			dependencies = (
			);
			name = Mealbud;
			productName = Mealbud;
			productReference = 2CAE168C2B3F9673006E6372 /* Mealbud.app */;
			productType = "com.apple.product-type.application";
		};
/* End PBXNativeTarget section */

/* Begin PBXProject section */
		2CAE16842B3F9673006E6372 /* Project object */ = {
			isa = PBXProject;
			attributes = {
				BuildIndependentTargetsInParallel = 1;
				LastSwiftUpdateCheck = 1510;
				LastUpgradeCheck = 1510;
				TargetAttributes = {
					2CAE168B2B3F9673006E6372 = {
						CreatedOnToolsVersion = 15.1;
					};
				};
			};
			buildConfigurationList = 2CAE16872B3F9673006E6372 /* Build configuration list for PBXProject "Mealbud" */;
			compatibilityVersion = "Xcode 14.0";
			developmentRegion = en;
			hasScannedForEncodings = 0;
			knownRegions = (
				en,
				Base,
			);
			mainGroup = 2CAE16832B3F9673006E6372;
			productRefGroup = 2CAE168D2B3F9673006E6372 /* Products */;
			projectDirPath = "";
			projectRoot = "";
			targets = (
				2CAE168B2B3F9673006E6372 /* Mealbud */,
			);
		};
/* End PBXProject section */

/* Begin PBXResourcesBuildPhase section */
		2CAE168A2B3F9673006E6372 /* Resources */ = {
			isa = PBXResourcesBuildPhase;
			buildActionMask = 2147483647;
			files = (
				2CF0679B2B439DE400DABA09 /* Uber Move Medium.otf in Resources */,
				2CAE16972B3F9674006E6372 /* Preview Assets.xcassets in Resources */,
				2CAE16942B3F9674006E6372 /* Assets.xcassets in Resources */,
				2CF0679D2B439ED500DABA09 /* Uber Move Bold.otf in Resources */,
			);
			runOnlyForDeploymentPostprocessing = 0;
		};
/* End PBXResourcesBuildPhase section */

/* Begin PBXSourcesBuildPhase section */
		2CAE16882B3F9673006E6372 /* Sources */ = {
			isa = PBXSourcesBuildPhase;
			buildActionMask = 2147483647;
			files = (
				2C37A9122B4114CC00ECF9A7 /* MenuOptionsList.swift in Sources */,
				2C37A9142B41168E00ECF9A7 /* MenuItemSection.swift in Sources */,
				2CAE16922B3F9673006E6372 /* MainEntry.swift in Sources */,
				2C37A9162B4116F900ECF9A7 /* FoodItem.swift in Sources */,
				2C37A91C2B411F5000ECF9A7 /* MenuView.swift in Sources */,
				2CF067A22B43A28900DABA09 /* ItemView.swift in Sources */,
				2C37A91E2B41205000ECF9A7 /* OffsetKey.swift in Sources */,
				2CE847142B3FBD5100CBAF9D /* CustomTabBar.swift in Sources */,
				2CAE16902B3F9673006E6372 /* MealbudApp.swift in Sources */,
				2C37A9102B4113F800ECF9A7 /* MenuBarOptions.swift in Sources */,
				2C37A9202B41205800ECF9A7 /* OffsetModifier.swift in Sources */,
			);
			runOnlyForDeploymentPostprocessing = 0;
		};
/* End PBXSourcesBuildPhase section */

/* Begin XCBuildConfiguration section */
		2CAE16982B3F9674006E6372 /* Debug */ = {
			isa = XCBuildConfiguration;
			buildSettings = {
				ALWAYS_SEARCH_USER_PATHS = NO;
				ASSETCATALOG_COMPILER_GENERATE_SWIFT_ASSET_SYMBOL_EXTENSIONS = YES;
				CLANG_ANALYZER_NONNULL = YES;
				CLANG_ANALYZER_NUMBER_OBJECT_CONVERSION = YES_AGGRESSIVE;
				CLANG_CXX_LANGUAGE_STANDARD = "gnu++20";
				CLANG_ENABLE_MODULES = YES;
				CLANG_ENABLE_OBJC_ARC = YES;
				CLANG_ENABLE_OBJC_WEAK = YES;
				CLANG_WARN_BLOCK_CAPTURE_AUTORELEASING = YES;
				CLANG_WARN_BOOL_CONVERSION = YES;
				CLANG_WARN_COMMA = YES;
				CLANG_WARN_CONSTANT_CONVERSION = YES;
				CLANG_WARN_DEPRECATED_OBJC_IMPLEMENTATIONS = YES;
				CLANG_WARN_DIRECT_OBJC_ISA_USAGE = YES_ERROR;
				CLANG_WARN_DOCUMENTATION_COMMENTS = YES;
				CLANG_WARN_EMPTY_BODY = YES;
				CLANG_WARN_ENUM_CONVERSION = YES;
				CLANG_WARN_INFINITE_RECURSION = YES;
				CLANG_WARN_INT_CONVERSION = YES;
				CLANG_WARN_NON_LITERAL_NULL_CONVERSION = YES;
				CLANG_WARN_OBJC_IMPLICIT_RETAIN_SELF = YES;
				CLANG_WARN_OBJC_LITERAL_CONVERSION = YES;
				CLANG_WARN_OBJC_ROOT_CLASS = YES_ERROR;
				CLANG_WARN_QUOTED_INCLUDE_IN_FRAMEWORK_HEADER = YES;
				CLANG_WARN_RANGE_LOOP_ANALYSIS = YES;
				CLANG_WARN_STRICT_PROTOTYPES = YES;
				CLANG_WARN_SUSPICIOUS_MOVE = YES;
				CLANG_WARN_UNGUARDED_AVAILABILITY = YES_AGGRESSIVE;
				CLANG_WARN_UNREACHABLE_CODE = YES;
				CLANG_WARN__DUPLICATE_METHOD_MATCH = YES;
				COPY_PHASE_STRIP = NO;
				DEBUG_INFORMATION_FORMAT = dwarf;
				ENABLE_STRICT_OBJC_MSGSEND = YES;
				ENABLE_TESTABILITY = YES;
				ENABLE_USER_SCRIPT_SANDBOXING = YES;
				GCC_C_LANGUAGE_STANDARD = gnu17;
				GCC_DYNAMIC_NO_PIC = NO;
				GCC_NO_COMMON_BLOCKS = YES;
				GCC_OPTIMIZATION_LEVEL = 0;
				GCC_PREPROCESSOR_DEFINITIONS = (
					"DEBUG=1",
					"$(inherited)",
				);
				GCC_WARN_64_TO_32_BIT_CONVERSION = YES;
				GCC_WARN_ABOUT_RETURN_TYPE = YES_ERROR;
				GCC_WARN_UNDECLARED_SELECTOR = YES;
				GCC_WARN_UNINITIALIZED_AUTOS = YES_AGGRESSIVE;
				GCC_WARN_UNUSED_FUNCTION = YES;
				GCC_WARN_UNUSED_VARIABLE = YES;
				IPHONEOS_DEPLOYMENT_TARGET = 17.2;
				LOCALIZATION_PREFERS_STRING_CATALOGS = YES;
				MTL_ENABLE_DEBUG_INFO = INCLUDE_SOURCE;
				MTL_FAST_MATH = YES;
				ONLY_ACTIVE_ARCH = YES;
				SDKROOT = iphoneos;
				SWIFT_ACTIVE_COMPILATION_CONDITIONS = "DEBUG $(inherited)";
				SWIFT_OPTIMIZATION_LEVEL = "-Onone";
			};
			name = Debug;
		};
		2CAE16992B3F9674006E6372 /* Release */ = {
			isa = XCBuildConfiguration;
			buildSettings = {
				ALWAYS_SEARCH_USER_PATHS = NO;
				ASSETCATALOG_COMPILER_GENERATE_SWIFT_ASSET_SYMBOL_EXTENSIONS = YES;
				CLANG_ANALYZER_NONNULL = YES;
				CLANG_ANALYZER_NUMBER_OBJECT_CONVERSION = YES_AGGRESSIVE;
				CLANG_CXX_LANGUAGE_STANDARD = "gnu++20";
				CLANG_ENABLE_MODULES = YES;
				CLANG_ENABLE_OBJC_ARC = YES;
				CLANG_ENABLE_OBJC_WEAK = YES;
				CLANG_WARN_BLOCK_CAPTURE_AUTORELEASING = YES;
				CLANG_WARN_BOOL_CONVERSION = YES;
				CLANG_WARN_COMMA = YES;
				CLANG_WARN_CONSTANT_CONVERSION = YES;
				CLANG_WARN_DEPRECATED_OBJC_IMPLEMENTATIONS = YES;
				CLANG_WARN_DIRECT_OBJC_ISA_USAGE = YES_ERROR;
				CLANG_WARN_DOCUMENTATION_COMMENTS = YES;
				CLANG_WARN_EMPTY_BODY = YES;
				CLANG_WARN_ENUM_CONVERSION = YES;
				CLANG_WARN_INFINITE_RECURSION = YES;
				CLANG_WARN_INT_CONVERSION = YES;
				CLANG_WARN_NON_LITERAL_NULL_CONVERSION = YES;
				CLANG_WARN_OBJC_IMPLICIT_RETAIN_SELF = YES;
				CLANG_WARN_OBJC_LITERAL_CONVERSION = YES;
				CLANG_WARN_OBJC_ROOT_CLASS = YES_ERROR;
				CLANG_WARN_QUOTED_INCLUDE_IN_FRAMEWORK_HEADER = YES;
				CLANG_WARN_RANGE_LOOP_ANALYSIS = YES;
				CLANG_WARN_STRICT_PROTOTYPES = YES;
				CLANG_WARN_SUSPICIOUS_MOVE = YES;
				CLANG_WARN_UNGUARDED_AVAILABILITY = YES_AGGRESSIVE;
				CLANG_WARN_UNREACHABLE_CODE = YES;
				CLANG_WARN__DUPLICATE_METHOD_MATCH = YES;
				COPY_PHASE_STRIP = NO;
				DEBUG_INFORMATION_FORMAT = "dwarf-with-dsym";
				ENABLE_NS_ASSERTIONS = NO;
				ENABLE_STRICT_OBJC_MSGSEND = YES;
				ENABLE_USER_SCRIPT_SANDBOXING = YES;
				GCC_C_LANGUAGE_STANDARD = gnu17;
				GCC_NO_COMMON_BLOCKS = YES;
				GCC_WARN_64_TO_32_BIT_CONVERSION = YES;
				GCC_WARN_ABOUT_RETURN_TYPE = YES_ERROR;
				GCC_WARN_UNDECLARED_SELECTOR = YES;
				GCC_WARN_UNINITIALIZED_AUTOS = YES_AGGRESSIVE;
				GCC_WARN_UNUSED_FUNCTION = YES;
				GCC_WARN_UNUSED_VARIABLE = YES;
				IPHONEOS_DEPLOYMENT_TARGET = 17.2;
				LOCALIZATION_PREFERS_STRING_CATALOGS = YES;
				MTL_ENABLE_DEBUG_INFO = NO;
				MTL_FAST_MATH = YES;
				SDKROOT = iphoneos;
				SWIFT_COMPILATION_MODE = wholemodule;
				VALIDATE_PRODUCT = YES;
			};
			name = Release;
		};
		2CAE169B2B3F9674006E6372 /* Debug */ = {
			isa = XCBuildConfiguration;
			buildSettings = {
				ASSETCATALOG_COMPILER_APPICON_NAME = AppIcon;
				ASSETCATALOG_COMPILER_GLOBAL_ACCENT_COLOR_NAME = AccentColor;
				CODE_SIGN_STYLE = Automatic;
				CURRENT_PROJECT_VERSION = 1;
				DEVELOPMENT_ASSET_PATHS = "\"Mealbud/Preview Content\"";
				DEVELOPMENT_TEAM = 26K5J6537C;
				ENABLE_PREVIEWS = YES;
				GENERATE_INFOPLIST_FILE = YES;
				INFOPLIST_FILE = Mealbud/Info.plist;
				INFOPLIST_KEY_UIApplicationSceneManifest_Generation = YES;
				INFOPLIST_KEY_UIApplicationSupportsIndirectInputEvents = YES;
				INFOPLIST_KEY_UILaunchScreen_Generation = YES;
				INFOPLIST_KEY_UISupportedInterfaceOrientations_iPad = "UIInterfaceOrientationPortrait UIInterfaceOrientationPortraitUpsideDown UIInterfaceOrientationLandscapeLeft UIInterfaceOrientationLandscapeRight";
				INFOPLIST_KEY_UISupportedInterfaceOrientations_iPhone = "UIInterfaceOrientationPortrait UIInterfaceOrientationLandscapeLeft UIInterfaceOrientationLandscapeRight";
				IPHONEOS_DEPLOYMENT_TARGET = 16.0;
				LD_RUNPATH_SEARCH_PATHS = (
					"$(inherited)",
					"@executable_path/Frameworks",
				);
				MARKETING_VERSION = 1.0;
				PRODUCT_BUNDLE_IDENTIFIER = com.campus.Mealbud;
				PRODUCT_NAME = "$(TARGET_NAME)";
				SWIFT_EMIT_LOC_STRINGS = YES;
				SWIFT_VERSION = 5.0;
				TARGETED_DEVICE_FAMILY = "1,2";
			};
			name = Debug;
		};
		2CAE169C2B3F9674006E6372 /* Release */ = {
			isa = XCBuildConfiguration;
			buildSettings = {
				ASSETCATALOG_COMPILER_APPICON_NAME = AppIcon;
				ASSETCATALOG_COMPILER_GLOBAL_ACCENT_COLOR_NAME = AccentColor;
				CODE_SIGN_STYLE = Automatic;
				CURRENT_PROJECT_VERSION = 1;
				DEVELOPMENT_ASSET_PATHS = "\"Mealbud/Preview Content\"";
				DEVELOPMENT_TEAM = 26K5J6537C;
				ENABLE_PREVIEWS = YES;
				GENERATE_INFOPLIST_FILE = YES;
				INFOPLIST_FILE = Mealbud/Info.plist;
				INFOPLIST_KEY_UIApplicationSceneManifest_Generation = YES;
				INFOPLIST_KEY_UIApplicationSupportsIndirectInputEvents = YES;
				INFOPLIST_KEY_UILaunchScreen_Generation = YES;
				INFOPLIST_KEY_UISupportedInterfaceOrientations_iPad = "UIInterfaceOrientationPortrait UIInterfaceOrientationPortraitUpsideDown UIInterfaceOrientationLandscapeLeft UIInterfaceOrientationLandscapeRight";
				INFOPLIST_KEY_UISupportedInterfaceOrientations_iPhone = "UIInterfaceOrientationPortrait UIInterfaceOrientationLandscapeLeft UIInterfaceOrientationLandscapeRight";
				IPHONEOS_DEPLOYMENT_TARGET = 16.0;
				LD_RUNPATH_SEARCH_PATHS = (
					"$(inherited)",
					"@executable_path/Frameworks",
				);
				MARKETING_VERSION = 1.0;
				PRODUCT_BUNDLE_IDENTIFIER = com.campus.Mealbud;
				PRODUCT_NAME = "$(TARGET_NAME)";
				SWIFT_EMIT_LOC_STRINGS = YES;
				SWIFT_VERSION = 5.0;
				TARGETED_DEVICE_FAMILY = "1,2";
			};
			name = Release;
		};
/* End XCBuildConfiguration section */

/* Begin XCConfigurationList section */
		2CAE16872B3F9673006E6372 /* Build configuration list for PBXProject "Mealbud" */ = {
			isa = XCConfigurationList;
			buildConfigurations = (
				2CAE16982B3F9674006E6372 /* Debug */,
				2CAE16992B3F9674006E6372 /* Release */,
			);
			defaultConfigurationIsVisible = 0;
			defaultConfigurationName = Release;
		};
		2CAE169A2B3F9674006E6372 /* Build configuration list for PBXNativeTarget "Mealbud" */ = {
			isa = XCConfigurationList;
			buildConfigurations = (
				2CAE169B2B3F9674006E6372 /* Debug */,
				2CAE169C2B3F9674006E6372 /* Release */,
			);
			defaultConfigurationIsVisible = 0;
			defaultConfigurationName = Release;
		};
/* End XCConfigurationList section */
	};
	rootObject = 2CAE16842B3F9673006E6372 /* Project object */;
}
